Microsoft Visual Studio Solution File, Format Version 11.00
# Visual Studio 2010
Project("{8BC9CEB8-8B4A-11D0-8D11-00A0C91BC942}") = "ShortCut", "ShortCut\ShortCut.vcxproj", "{40DB8CC2-8760-4EE9-938E-53CE33203BA6}"
EndProject
Project("{8BC9CEB8-8B4A-11D0-8D11-00A0C91BC942}") = "CntCodeLine", "CntCodeLine\CntCodeLine.vcxproj", "{B3CDE547-72BE-42A9-A66D-9A38992D6949}"
EndProject
Project("{8BC9CEB8-8B4A-11D0-8D11-00A0C91BC942}") = "FindFile", "FindFile\FindFile.vcxproj", "{6E7B2970-1705-4433-8812-2BA399F0D7A1}"
EndProject
Project("{8BC9CEB8-8B4A-11D0-8D11-00A0C91BC942}") = "DivideString", "DivideString\DivideString.vcxproj", "{C298223B-F620-4A51-BB3A-75BA37605D1E}"
EndProject
Project("{8BC9CEB8-8B4A-11D0-8D11-00A0C91BC942}") = "GetDriverStrings", "GetDriverStrings\GetDriverStrings.vcxproj", "{47463561-2013-4CAD-9E3D-15BF789CB448}"
EndProject
Project("{8BC9CEB8-8B4A-11D0-8D11-00A0C91BC942}") = "ChangeN2RN", "ChangeN2RN\ChangeN2RN.vcxproj", "{ACA8DA11-7316-4D81-8FFC-82557CEAB995}"
EndProject
Project("{8BC9CEB8-8B4A-11D0-8D11-00A0C91BC942}") = "Tetris", "Tetris\Tetris.vcxproj", "{E57C0B3F-7641-43FA-90C1-923A0DA4E0A2}"
EndProject
Project("{8BC9CEB8-8B4A-11D0-8D11-00A0C91BC942}") = "Test", "Test\Test.vcxproj", "{43F658BE-B582-4B8D-883E-70501AF76AB7}"
EndProject
Project("{8BC9CEB8-8B4A-11D0-8D11-00A0C91BC942}") = "Tetris2", "Tetris2\Tetris2.vcxproj", "{05033DAE-0B45-4CE8-96AA-316EDA400DDD}"
EndProject
Project("{8BC9CEB8-8B4A-11D0-8D11-00A0C91BC942}") = "CopyUsefulStringToNewFile", "CopyUsefulStringToNewFile\CopyUsefulStringToNewFile.vcxproj", "{92A80062-008C-4DD1-8AC9-7206DDD8D4E5}"
EndProject
Project("{8BC9CEB8-8B4A-11D0-8D11-00A0C91BC942}") = "Russion", "Russion\Russion.vcxproj", "{F63F8323-9D02-4796-940E-7A1B418BC107}"
EndProject
Project("{8BC9CEB8-8B4A-11D0-8D11-00A0C91BC942}") = "Test3", "Test3\Test3.vcxproj", "{857F9672-66D7-4FE4-8B0C-756F812E9B17}"
EndProject
Project("{8BC9CEB8-8B4A-11D0-8D11-00A0C91BC942}") = "DivideStringDailyUse", "DivideStringDailyUse\DivideStringDailyUse.vcxproj", "{5F1B59C6-AE7E-45B3-9E0F-F561DF84F6FE}"
EndProject
Project("{8BC9CEB8-8B4A-11D0-8D11-00A0C91BC942}") = "MyShare_ptr", "MyShare_ptr\MyShare_ptr.vcxproj", "{94FC7458-FAAE-420C-B0D2-A10124FDFB8A}"
EndProject
Project("{8BC9CEB8-8B4A-11D0-8D11-00A0C91BC942}") = "UnicodeIntStrToAnsi", "UnicodeIntStrToAnsi\UnicodeIntStrToAnsi.vcxproj", "{95D71FDF-812F-4261-BF28-FD2C36100505}"
EndProject
Project("{8BC9CEB8-8B4A-11D0-8D11-00A0C91BC942}") = "GeneralRandom", "GeneralRandom\GeneralRandom.vcxproj", "{BA2AB24F-0CA1-4553-9DB7-8DF069101066}"
EndProject
Project("{8BC9CEB8-8B4A-11D0-8D11-00A0C91BC942}") = "DivideStringEx", "DivideStringEx\DivideStringEx.vcxproj", "{84D00F76-F1C2-4789-A27B-6F9ECD28904B}"
EndProject
Project("{8BC9CEB8-8B4A-11D0-8D11-00A0C91BC942}") = "ChangeExplorerDubegMode", "ChangeExplorerDubegMode\ChangeExplorerDubegMode.vcxproj", "{36F7406B-0EF8-4E1D-A26F-D165133D70A9}"
EndProject
Project("{8BC9CEB8-8B4A-11D0-8D11-00A0C91BC942}") = "ChangeLogLevel", "ChangeLogLevel\ChangeLogLevel.vcxproj", "{543F589E-8E72-450F-94D5-323052FB8FC0}"
EndProject
Project("{8BC9CEB8-8B4A-11D0-8D11-00A0C91BC942}") = "DeleteFile", "DeleteFile\DeleteFile.vcxproj", "{AA51F6F1-E87B-4026-B802-6261C3829D5F}"
EndProject
Project("{8BC9CEB8-8B4A-11D0-8D11-00A0C91BC942}") = "EasyEncodeAndDecode", "EasyEncodeAndDecode\EasyEncodeAndDecode.vcxproj", "{DABA4019-1DDE-49C2-829E-DFECEB743D39}"
EndProject
Project("{8BC9CEB8-8B4A-11D0-8D11-00A0C91BC942}") = "DecodeKugouKRC", "DecodeKugouKRC\DecodeKugouKRC.vcxproj", "{70EE4B87-C40F-4DE5-B967-D6E13127653D}"
EndProject
Project("{8BC9CEB8-8B4A-11D0-8D11-00A0C91BC942}") = "HttpRequest", "HttpRequest\HttpRequest.vcxproj", "{35BF5DFF-AC1C-406B-B2B4-FDBB2C620BA4}"
EndProject
Project("{8BC9CEB8-8B4A-11D0-8D11-00A0C91BC942}") = "HttpRequestUse", "HttpRequestUse\HttpRequestUse.vcxproj", "{5B430E5F-9D5B-467C-B399-FF008C733F82}"
	ProjectSection(ProjectDependencies) = postProject
		{35BF5DFF-AC1C-406B-B2B4-FDBB2C620BA4} = {35BF5DFF-AC1C-406B-B2B4-FDBB2C620BA4}
	EndProjectSection
EndProject
Project("{8BC9CEB8-8B4A-11D0-8D11-00A0C91BC942}") = "NotInScreensave", "NotInScreensave\NotInScreensave.vcxproj", "{24B2F566-9E3F-4149-A6CB-B26C68C33DCF}"
EndProject
Project("{8BC9CEB8-8B4A-11D0-8D11-00A0C91BC942}") = "BatchOperation", "BatchOperation\BatchOperation.vcxproj", "{A2185A3E-F2BA-44DB-B912-12ED3F0FD75A}"
EndProject
Project("{8BC9CEB8-8B4A-11D0-8D11-00A0C91BC942}") = "FindNoUseXml", "FindNoUseXml\FindNoUseXml.vcxproj", "{157339A4-59CA-4F05-982A-A1EEB0E243D4}"
EndProject
Project("{8BC9CEB8-8B4A-11D0-8D11-00A0C91BC942}") = "CloseSomeWin", "CloseSomeWin\CloseSomeWin.vcxproj", "{1C64B915-4799-47B5-94D2-CB9C246B4526}"
EndProject
Project("{8BC9CEB8-8B4A-11D0-8D11-00A0C91BC942}") = "PopupPictureOnDesktop", "PopupPictureOnDesktop\PopupPictureOnDesktop.vcxproj", "{E4CD28DD-9A0D-46DF-8E43-B03B0A31CCB4}"
EndProject
Project("{8BC9CEB8-8B4A-11D0-8D11-00A0C91BC942}") = "BitmapWhiteColorRemove", "BitmapWhiteColorRemove\BitmapWhiteColorRemove.vcxproj", "{F9FEB80E-4B2E-47D4-AD05-15F9E85DA7D0}"
EndProject
Project("{8BC9CEB8-8B4A-11D0-8D11-00A0C91BC942}") = "RemovePictureWhite", "RemovePictureWhite\RemovePictureWhite.vcxproj", "{8674D744-B5FD-4FAB-BC16-18DBD36FF155}"
EndProject
Project("{8BC9CEB8-8B4A-11D0-8D11-00A0C91BC942}") = "DrawDiffFontForKugou", "DrawDiffFontForKugou\DrawDiffFontForKugou.vcxproj", "{2CDA08F9-8D21-42AD-B855-DDC772E90DF7}"
EndProject
Project("{8BC9CEB8-8B4A-11D0-8D11-00A0C91BC942}") = "Md5CalFile2", "Md5CalFile2\Md5CalFile2.vcxproj", "{4963692D-1AFC-4D89-904E-0A1D9F576627}"
EndProject
Global
	GlobalSection(SolutionConfigurationPlatforms) = preSolution
		Debug|Win32 = Debug|Win32
		Release|Win32 = Release|Win32
		Template|Win32 = Template|Win32
	EndGlobalSection
	GlobalSection(ProjectConfigurationPlatforms) = postSolution
		{40DB8CC2-8760-4EE9-938E-53CE33203BA6}.Debug|Win32.ActiveCfg = Debug|Win32
		{40DB8CC2-8760-4EE9-938E-53CE33203BA6}.Debug|Win32.Build.0 = Debug|Win32
		{40DB8CC2-8760-4EE9-938E-53CE33203BA6}.Release|Win32.ActiveCfg = Release|Win32
		{40DB8CC2-8760-4EE9-938E-53CE33203BA6}.Release|Win32.Build.0 = Release|Win32
		{40DB8CC2-8760-4EE9-938E-53CE33203BA6}.Template|Win32.ActiveCfg = Template|Win32
		{40DB8CC2-8760-4EE9-938E-53CE33203BA6}.Template|Win32.Build.0 = Template|Win32
		{B3CDE547-72BE-42A9-A66D-9A38992D6949}.Debug|Win32.ActiveCfg = Debug|Win32
		{B3CDE547-72BE-42A9-A66D-9A38992D6949}.Debug|Win32.Build.0 = Debug|Win32
		{B3CDE547-72BE-42A9-A66D-9A38992D6949}.Release|Win32.ActiveCfg = Release|Win32
		{B3CDE547-72BE-42A9-A66D-9A38992D6949}.Release|Win32.Build.0 = Release|Win32
		{B3CDE547-72BE-42A9-A66D-9A38992D6949}.Template|Win32.ActiveCfg = Template|Win32
		{B3CDE547-72BE-42A9-A66D-9A38992D6949}.Template|Win32.Build.0 = Template|Win32
		{6E7B2970-1705-4433-8812-2BA399F0D7A1}.Debug|Win32.ActiveCfg = Debug|Win32
		{6E7B2970-1705-4433-8812-2BA399F0D7A1}.Debug|Win32.Build.0 = Debug|Win32
		{6E7B2970-1705-4433-8812-2BA399F0D7A1}.Release|Win32.ActiveCfg = Release|Win32
		{6E7B2970-1705-4433-8812-2BA399F0D7A1}.Release|Win32.Build.0 = Release|Win32
		{6E7B2970-1705-4433-8812-2BA399F0D7A1}.Template|Win32.ActiveCfg = Template|Win32
		{6E7B2970-1705-4433-8812-2BA399F0D7A1}.Template|Win32.Build.0 = Template|Win32
		{C298223B-F620-4A51-BB3A-75BA37605D1E}.Debug|Win32.ActiveCfg = Debug|Win32
		{C298223B-F620-4A51-BB3A-75BA37605D1E}.Debug|Win32.Build.0 = Debug|Win32
		{C298223B-F620-4A51-BB3A-75BA37605D1E}.Release|Win32.ActiveCfg = Release|Win32
		{C298223B-F620-4A51-BB3A-75BA37605D1E}.Release|Win32.Build.0 = Release|Win32
		{C298223B-F620-4A51-BB3A-75BA37605D1E}.Template|Win32.ActiveCfg = Release|Win32
		{C298223B-F620-4A51-BB3A-75BA37605D1E}.Template|Win32.Build.0 = Release|Win32
		{47463561-2013-4CAD-9E3D-15BF789CB448}.Debug|Win32.ActiveCfg = Debug|Win32
		{47463561-2013-4CAD-9E3D-15BF789CB448}.Debug|Win32.Build.0 = Debug|Win32
		{47463561-2013-4CAD-9E3D-15BF789CB448}.Release|Win32.ActiveCfg = Release|Win32
		{47463561-2013-4CAD-9E3D-15BF789CB448}.Release|Win32.Build.0 = Release|Win32
		{47463561-2013-4CAD-9E3D-15BF789CB448}.Template|Win32.ActiveCfg = Release|Win32
		{47463561-2013-4CAD-9E3D-15BF789CB448}.Template|Win32.Build.0 = Release|Win32
		{ACA8DA11-7316-4D81-8FFC-82557CEAB995}.Debug|Win32.ActiveCfg = Debug|Win32
		{ACA8DA11-7316-4D81-8FFC-82557CEAB995}.Debug|Win32.Build.0 = Debug|Win32
		{ACA8DA11-7316-4D81-8FFC-82557CEAB995}.Release|Win32.ActiveCfg = Release|Win32
		{ACA8DA11-7316-4D81-8FFC-82557CEAB995}.Release|Win32.Build.0 = Release|Win32
		{ACA8DA11-7316-4D81-8FFC-82557CEAB995}.Template|Win32.ActiveCfg = Release|Win32
		{ACA8DA11-7316-4D81-8FFC-82557CEAB995}.Template|Win32.Build.0 = Release|Win32
		{E57C0B3F-7641-43FA-90C1-923A0DA4E0A2}.Debug|Win32.ActiveCfg = Debug|Win32
		{E57C0B3F-7641-43FA-90C1-923A0DA4E0A2}.Debug|Win32.Build.0 = Debug|Win32
		{E57C0B3F-7641-43FA-90C1-923A0DA4E0A2}.Release|Win32.ActiveCfg = Release|Win32
		{E57C0B3F-7641-43FA-90C1-923A0DA4E0A2}.Release|Win32.Build.0 = Release|Win32
		{E57C0B3F-7641-43FA-90C1-923A0DA4E0A2}.Template|Win32.ActiveCfg = Template|Win32
		{E57C0B3F-7641-43FA-90C1-923A0DA4E0A2}.Template|Win32.Build.0 = Template|Win32
		{43F658BE-B582-4B8D-883E-70501AF76AB7}.Debug|Win32.ActiveCfg = Debug|Win32
		{43F658BE-B582-4B8D-883E-70501AF76AB7}.Debug|Win32.Build.0 = Debug|Win32
		{43F658BE-B582-4B8D-883E-70501AF76AB7}.Release|Win32.ActiveCfg = Release|Win32
		{43F658BE-B582-4B8D-883E-70501AF76AB7}.Release|Win32.Build.0 = Release|Win32
		{43F658BE-B582-4B8D-883E-70501AF76AB7}.Template|Win32.ActiveCfg = Release|Win32
		{43F658BE-B582-4B8D-883E-70501AF76AB7}.Template|Win32.Build.0 = Release|Win32
		{05033DAE-0B45-4CE8-96AA-316EDA400DDD}.Debug|Win32.ActiveCfg = Debug|Win32
		{05033DAE-0B45-4CE8-96AA-316EDA400DDD}.Debug|Win32.Build.0 = Debug|Win32
		{05033DAE-0B45-4CE8-96AA-316EDA400DDD}.Release|Win32.ActiveCfg = Release|Win32
		{05033DAE-0B45-4CE8-96AA-316EDA400DDD}.Release|Win32.Build.0 = Release|Win32
		{05033DAE-0B45-4CE8-96AA-316EDA400DDD}.Template|Win32.ActiveCfg = Template|Win32
		{05033DAE-0B45-4CE8-96AA-316EDA400DDD}.Template|Win32.Build.0 = Template|Win32
		{92A80062-008C-4DD1-8AC9-7206DDD8D4E5}.Debug|Win32.ActiveCfg = Debug|Win32
		{92A80062-008C-4DD1-8AC9-7206DDD8D4E5}.Debug|Win32.Build.0 = Debug|Win32
		{92A80062-008C-4DD1-8AC9-7206DDD8D4E5}.Release|Win32.ActiveCfg = Release|Win32
		{92A80062-008C-4DD1-8AC9-7206DDD8D4E5}.Release|Win32.Build.0 = Release|Win32
		{92A80062-008C-4DD1-8AC9-7206DDD8D4E5}.Template|Win32.ActiveCfg = Template|Win32
		{92A80062-008C-4DD1-8AC9-7206DDD8D4E5}.Template|Win32.Build.0 = Template|Win32
		{F63F8323-9D02-4796-940E-7A1B418BC107}.Debug|Win32.ActiveCfg = Debug|Win32
		{F63F8323-9D02-4796-940E-7A1B418BC107}.Debug|Win32.Build.0 = Debug|Win32
		{F63F8323-9D02-4796-940E-7A1B418BC107}.Release|Win32.ActiveCfg = Release|Win32
		{F63F8323-9D02-4796-940E-7A1B418BC107}.Release|Win32.Build.0 = Release|Win32
		{F63F8323-9D02-4796-940E-7A1B418BC107}.Template|Win32.ActiveCfg = Release|Win32
		{F63F8323-9D02-4796-940E-7A1B418BC107}.Template|Win32.Build.0 = Release|Win32
		{857F9672-66D7-4FE4-8B0C-756F812E9B17}.Debug|Win32.ActiveCfg = Debug|Win32
		{857F9672-66D7-4FE4-8B0C-756F812E9B17}.Debug|Win32.Build.0 = Debug|Win32
		{857F9672-66D7-4FE4-8B0C-756F812E9B17}.Release|Win32.ActiveCfg = Release|Win32
		{857F9672-66D7-4FE4-8B0C-756F812E9B17}.Release|Win32.Build.0 = Release|Win32
		{857F9672-66D7-4FE4-8B0C-756F812E9B17}.Template|Win32.ActiveCfg = Template|Win32
		{857F9672-66D7-4FE4-8B0C-756F812E9B17}.Template|Win32.Build.0 = Template|Win32
		{5F1B59C6-AE7E-45B3-9E0F-F561DF84F6FE}.Debug|Win32.ActiveCfg = Debug|Win32
		{5F1B59C6-AE7E-45B3-9E0F-F561DF84F6FE}.Debug|Win32.Build.0 = Debug|Win32
		{5F1B59C6-AE7E-45B3-9E0F-F561DF84F6FE}.Release|Win32.ActiveCfg = Release|Win32
		{5F1B59C6-AE7E-45B3-9E0F-F561DF84F6FE}.Release|Win32.Build.0 = Release|Win32
		{5F1B59C6-AE7E-45B3-9E0F-F561DF84F6FE}.Template|Win32.ActiveCfg = Template|Win32
		{5F1B59C6-AE7E-45B3-9E0F-F561DF84F6FE}.Template|Win32.Build.0 = Template|Win32
		{94FC7458-FAAE-420C-B0D2-A10124FDFB8A}.Debug|Win32.ActiveCfg = Debug|Win32
		{94FC7458-FAAE-420C-B0D2-A10124FDFB8A}.Debug|Win32.Build.0 = Debug|Win32
		{94FC7458-FAAE-420C-B0D2-A10124FDFB8A}.Release|Win32.ActiveCfg = Release|Win32
		{94FC7458-FAAE-420C-B0D2-A10124FDFB8A}.Release|Win32.Build.0 = Release|Win32
		{94FC7458-FAAE-420C-B0D2-A10124FDFB8A}.Template|Win32.ActiveCfg = Release|Win32
		{94FC7458-FAAE-420C-B0D2-A10124FDFB8A}.Template|Win32.Build.0 = Release|Win32
		{95D71FDF-812F-4261-BF28-FD2C36100505}.Debug|Win32.ActiveCfg = Debug|Win32
		{95D71FDF-812F-4261-BF28-FD2C36100505}.Debug|Win32.Build.0 = Debug|Win32
		{95D71FDF-812F-4261-BF28-FD2C36100505}.Release|Win32.ActiveCfg = Release|Win32
		{95D71FDF-812F-4261-BF28-FD2C36100505}.Release|Win32.Build.0 = Release|Win32
		{95D71FDF-812F-4261-BF28-FD2C36100505}.Template|Win32.ActiveCfg = Release|Win32
		{95D71FDF-812F-4261-BF28-FD2C36100505}.Template|Win32.Build.0 = Release|Win32
		{BA2AB24F-0CA1-4553-9DB7-8DF069101066}.Debug|Win32.ActiveCfg = Debug|Win32
		{BA2AB24F-0CA1-4553-9DB7-8DF069101066}.Debug|Win32.Build.0 = Debug|Win32
		{BA2AB24F-0CA1-4553-9DB7-8DF069101066}.Release|Win32.ActiveCfg = Release|Win32
		{BA2AB24F-0CA1-4553-9DB7-8DF069101066}.Release|Win32.Build.0 = Release|Win32
		{BA2AB24F-0CA1-4553-9DB7-8DF069101066}.Template|Win32.ActiveCfg = Release|Win32
		{BA2AB24F-0CA1-4553-9DB7-8DF069101066}.Template|Win32.Build.0 = Release|Win32
		{84D00F76-F1C2-4789-A27B-6F9ECD28904B}.Debug|Win32.ActiveCfg = Debug|Win32
		{84D00F76-F1C2-4789-A27B-6F9ECD28904B}.Debug|Win32.Build.0 = Debug|Win32
		{84D00F76-F1C2-4789-A27B-6F9ECD28904B}.Release|Win32.ActiveCfg = Release|Win32
		{84D00F76-F1C2-4789-A27B-6F9ECD28904B}.Release|Win32.Build.0 = Release|Win32
		{84D00F76-F1C2-4789-A27B-6F9ECD28904B}.Template|Win32.ActiveCfg = Release|Win32
		{84D00F76-F1C2-4789-A27B-6F9ECD28904B}.Template|Win32.Build.0 = Release|Win32
		{36F7406B-0EF8-4E1D-A26F-D165133D70A9}.Debug|Win32.ActiveCfg = Debug|Win32
		{36F7406B-0EF8-4E1D-A26F-D165133D70A9}.Debug|Win32.Build.0 = Debug|Win32
		{36F7406B-0EF8-4E1D-A26F-D165133D70A9}.Release|Win32.ActiveCfg = Release|Win32
		{36F7406B-0EF8-4E1D-A26F-D165133D70A9}.Release|Win32.Build.0 = Release|Win32
		{36F7406B-0EF8-4E1D-A26F-D165133D70A9}.Template|Win32.ActiveCfg = Release|Win32
		{36F7406B-0EF8-4E1D-A26F-D165133D70A9}.Template|Win32.Build.0 = Release|Win32
		{543F589E-8E72-450F-94D5-323052FB8FC0}.Debug|Win32.ActiveCfg = Debug|Win32
		{543F589E-8E72-450F-94D5-323052FB8FC0}.Debug|Win32.Build.0 = Debug|Win32
		{543F589E-8E72-450F-94D5-323052FB8FC0}.Release|Win32.ActiveCfg = Release|Win32
		{543F589E-8E72-450F-94D5-323052FB8FC0}.Release|Win32.Build.0 = Release|Win32
		{543F589E-8E72-450F-94D5-323052FB8FC0}.Template|Win32.ActiveCfg = Release|Win32
		{543F589E-8E72-450F-94D5-323052FB8FC0}.Template|Win32.Build.0 = Release|Win32
		{AA51F6F1-E87B-4026-B802-6261C3829D5F}.Debug|Win32.ActiveCfg = Debug|Win32
		{AA51F6F1-E87B-4026-B802-6261C3829D5F}.Debug|Win32.Build.0 = Debug|Win32
		{AA51F6F1-E87B-4026-B802-6261C3829D5F}.Release|Win32.ActiveCfg = Release|Win32
		{AA51F6F1-E87B-4026-B802-6261C3829D5F}.Release|Win32.Build.0 = Release|Win32
		{AA51F6F1-E87B-4026-B802-6261C3829D5F}.Template|Win32.ActiveCfg = Release|Win32
		{AA51F6F1-E87B-4026-B802-6261C3829D5F}.Template|Win32.Build.0 = Release|Win32
		{DABA4019-1DDE-49C2-829E-DFECEB743D39}.Debug|Win32.ActiveCfg = Debug|Win32
		{DABA4019-1DDE-49C2-829E-DFECEB743D39}.Debug|Win32.Build.0 = Debug|Win32
		{DABA4019-1DDE-49C2-829E-DFECEB743D39}.Release|Win32.ActiveCfg = Release|Win32
		{DABA4019-1DDE-49C2-829E-DFECEB743D39}.Release|Win32.Build.0 = Release|Win32
		{DABA4019-1DDE-49C2-829E-DFECEB743D39}.Template|Win32.ActiveCfg = Release|Win32
		{DABA4019-1DDE-49C2-829E-DFECEB743D39}.Template|Win32.Build.0 = Release|Win32
		{70EE4B87-C40F-4DE5-B967-D6E13127653D}.Debug|Win32.ActiveCfg = Debug|Win32
		{70EE4B87-C40F-4DE5-B967-D6E13127653D}.Debug|Win32.Build.0 = Debug|Win32
		{70EE4B87-C40F-4DE5-B967-D6E13127653D}.Release|Win32.ActiveCfg = Release|Win32
		{70EE4B87-C40F-4DE5-B967-D6E13127653D}.Release|Win32.Build.0 = Release|Win32
		{70EE4B87-C40F-4DE5-B967-D6E13127653D}.Template|Win32.ActiveCfg = Release|Win32
		{70EE4B87-C40F-4DE5-B967-D6E13127653D}.Template|Win32.Build.0 = Release|Win32
		{35BF5DFF-AC1C-406B-B2B4-FDBB2C620BA4}.Debug|Win32.ActiveCfg = Debug|Win32
		{35BF5DFF-AC1C-406B-B2B4-FDBB2C620BA4}.Debug|Win32.Build.0 = Debug|Win32
		{35BF5DFF-AC1C-406B-B2B4-FDBB2C620BA4}.Release|Win32.ActiveCfg = Release|Win32
		{35BF5DFF-AC1C-406B-B2B4-FDBB2C620BA4}.Release|Win32.Build.0 = Release|Win32
		{35BF5DFF-AC1C-406B-B2B4-FDBB2C620BA4}.Template|Win32.ActiveCfg = Release|Win32
		{35BF5DFF-AC1C-406B-B2B4-FDBB2C620BA4}.Template|Win32.Build.0 = Release|Win32
		{5B430E5F-9D5B-467C-B399-FF008C733F82}.Debug|Win32.ActiveCfg = Debug|Win32
		{5B430E5F-9D5B-467C-B399-FF008C733F82}.Debug|Win32.Build.0 = Debug|Win32
		{5B430E5F-9D5B-467C-B399-FF008C733F82}.Release|Win32.ActiveCfg = Release|Win32
		{5B430E5F-9D5B-467C-B399-FF008C733F82}.Release|Win32.Build.0 = Release|Win32
		{5B430E5F-9D5B-467C-B399-FF008C733F82}.Template|Win32.ActiveCfg = Release|Win32
		{5B430E5F-9D5B-467C-B399-FF008C733F82}.Template|Win32.Build.0 = Release|Win32
		{24B2F566-9E3F-4149-A6CB-B26C68C33DCF}.Debug|Win32.ActiveCfg = Debug|Win32
		{24B2F566-9E3F-4149-A6CB-B26C68C33DCF}.Debug|Win32.Build.0 = Debug|Win32
		{24B2F566-9E3F-4149-A6CB-B26C68C33DCF}.Release|Win32.ActiveCfg = Release|Win32
		{24B2F566-9E3F-4149-A6CB-B26C68C33DCF}.Release|Win32.Build.0 = Release|Win32
		{24B2F566-9E3F-4149-A6CB-B26C68C33DCF}.Template|Win32.ActiveCfg = Release|Win32
		{24B2F566-9E3F-4149-A6CB-B26C68C33DCF}.Template|Win32.Build.0 = Release|Win32
		{A2185A3E-F2BA-44DB-B912-12ED3F0FD75A}.Debug|Win32.ActiveCfg = Debug|Win32
		{A2185A3E-F2BA-44DB-B912-12ED3F0FD75A}.Debug|Win32.Build.0 = Debug|Win32
		{A2185A3E-F2BA-44DB-B912-12ED3F0FD75A}.Release|Win32.ActiveCfg = Release|Win32
		{A2185A3E-F2BA-44DB-B912-12ED3F0FD75A}.Release|Win32.Build.0 = Release|Win32
		{A2185A3E-F2BA-44DB-B912-12ED3F0FD75A}.Template|Win32.ActiveCfg = Release|Win32
		{A2185A3E-F2BA-44DB-B912-12ED3F0FD75A}.Template|Win32.Build.0 = Release|Win32
		{157339A4-59CA-4F05-982A-A1EEB0E243D4}.Debug|Win32.ActiveCfg = Debug|Win32
		{157339A4-59CA-4F05-982A-A1EEB0E243D4}.Debug|Win32.Build.0 = Debug|Win32
		{157339A4-59CA-4F05-982A-A1EEB0E243D4}.Release|Win32.ActiveCfg = Release|Win32
		{157339A4-59CA-4F05-982A-A1EEB0E243D4}.Release|Win32.Build.0 = Release|Win32
		{157339A4-59CA-4F05-982A-A1EEB0E243D4}.Template|Win32.ActiveCfg = Release|Win32
		{157339A4-59CA-4F05-982A-A1EEB0E243D4}.Template|Win32.Build.0 = Release|Win32
		{1C64B915-4799-47B5-94D2-CB9C246B4526}.Debug|Win32.ActiveCfg = Debug|Win32
		{1C64B915-4799-47B5-94D2-CB9C246B4526}.Debug|Win32.Build.0 = Debug|Win32
		{1C64B915-4799-47B5-94D2-CB9C246B4526}.Release|Win32.ActiveCfg = Release|Win32
		{1C64B915-4799-47B5-94D2-CB9C246B4526}.Release|Win32.Build.0 = Release|Win32
		{1C64B915-4799-47B5-94D2-CB9C246B4526}.Template|Win32.ActiveCfg = Release|Win32
		{1C64B915-4799-47B5-94D2-CB9C246B4526}.Template|Win32.Build.0 = Release|Win32
		{E4CD28DD-9A0D-46DF-8E43-B03B0A31CCB4}.Debug|Win32.ActiveCfg = Debug|Win32
		{E4CD28DD-9A0D-46DF-8E43-B03B0A31CCB4}.Debug|Win32.Build.0 = Debug|Win32
		{E4CD28DD-9A0D-46DF-8E43-B03B0A31CCB4}.Release|Win32.ActiveCfg = Release|Win32
		{E4CD28DD-9A0D-46DF-8E43-B03B0A31CCB4}.Release|Win32.Build.0 = Release|Win32
		{E4CD28DD-9A0D-46DF-8E43-B03B0A31CCB4}.Template|Win32.ActiveCfg = Release|Win32
		{E4CD28DD-9A0D-46DF-8E43-B03B0A31CCB4}.Template|Win32.Build.0 = Release|Win32
		{F9FEB80E-4B2E-47D4-AD05-15F9E85DA7D0}.Debug|Win32.ActiveCfg = Debug|Win32
		{F9FEB80E-4B2E-47D4-AD05-15F9E85DA7D0}.Debug|Win32.Build.0 = Debug|Win32
		{F9FEB80E-4B2E-47D4-AD05-15F9E85DA7D0}.Release|Win32.ActiveCfg = Release|Win32
		{F9FEB80E-4B2E-47D4-AD05-15F9E85DA7D0}.Release|Win32.Build.0 = Release|Win32
		{F9FEB80E-4B2E-47D4-AD05-15F9E85DA7D0}.Template|Win32.ActiveCfg = Release|Win32
		{F9FEB80E-4B2E-47D4-AD05-15F9E85DA7D0}.Template|Win32.Build.0 = Release|Win32
		{8674D744-B5FD-4FAB-BC16-18DBD36FF155}.Debug|Win32.ActiveCfg = Debug|Win32
		{8674D744-B5FD-4FAB-BC16-18DBD36FF155}.Debug|Win32.Build.0 = Debug|Win32
		{8674D744-B5FD-4FAB-BC16-18DBD36FF155}.Release|Win32.ActiveCfg = Release|Win32
		{8674D744-B5FD-4FAB-BC16-18DBD36FF155}.Release|Win32.Build.0 = Release|Win32
		{8674D744-B5FD-4FAB-BC16-18DBD36FF155}.Template|Win32.ActiveCfg = Release|Win32
		{8674D744-B5FD-4FAB-BC16-18DBD36FF155}.Template|Win32.Build.0 = Release|Win32
		{2CDA08F9-8D21-42AD-B855-DDC772E90DF7}.Debug|Win32.ActiveCfg = Debug|Win32
		{2CDA08F9-8D21-42AD-B855-DDC772E90DF7}.Debug|Win32.Build.0 = Debug|Win32
		{2CDA08F9-8D21-42AD-B855-DDC772E90DF7}.Release|Win32.ActiveCfg = Release|Win32
		{2CDA08F9-8D21-42AD-B855-DDC772E90DF7}.Release|Win32.Build.0 = Release|Win32
		{2CDA08F9-8D21-42AD-B855-DDC772E90DF7}.Template|Win32.ActiveCfg = Release|Win32
		{2CDA08F9-8D21-42AD-B855-DDC772E90DF7}.Template|Win32.Build.0 = Release|Win32
		{4963692D-1AFC-4D89-904E-0A1D9F576627}.Debug|Win32.ActiveCfg = Debug|Win32
		{4963692D-1AFC-4D89-904E-0A1D9F576627}.Debug|Win32.Build.0 = Debug|Win32
		{4963692D-1AFC-4D89-904E-0A1D9F576627}.Release|Win32.ActiveCfg = Release|Win32
		{4963692D-1AFC-4D89-904E-0A1D9F576627}.Release|Win32.Build.0 = Release|Win32
		{4963692D-1AFC-4D89-904E-0A1D9F576627}.Template|Win32.ActiveCfg = Release|Win32
		{4963692D-1AFC-4D89-904E-0A1D9F576627}.Template|Win32.Build.0 = Release|Win32
	EndGlobalSection
	GlobalSection(SolutionProperties) = preSolution
		HideSolutionNode = FALSE
	EndGlobalSection
EndGlobal
