<?xml version="1.0" encoding="utf-8"?>
<Project ToolsVersion="4.0" xmlns="http://schemas.microsoft.com/developer/msbuild/2003">
  <ItemGroup>
    <Filter Include="Source Files">
      <UniqueIdentifier>{a96e722b-52e8-44b8-810b-55b12ed5b614}</UniqueIdentifier>
      <Extensions>cpp;c;cxx;rc;def;r;odl;idl;hpj;bat</Extensions>
    </Filter>
    <Filter Include="Header Files">
      <UniqueIdentifier>{83225d6f-5c06-4af4-972f-eebdee90be8c}</UniqueIdentifier>
      <Extensions>h;hpp;hxx;hm;inl</Extensions>
    </Filter>
    <Filter Include="Resource Files">
      <UniqueIdentifier>{0f6e6176-7388-4fc1-b18e-dd4dc2a692d8}</UniqueIdentifier>
      <Extensions>ico;cur;bmp;dlg;rc2;rct;bin;rgs;gif;jpg;jpeg;jpe</Extensions>
    </Filter>
  </ItemGroup>
  <ItemGroup>
    <ClCompile Include="BaseShape.cpp">
      <Filter>Source Files</Filter>
    </ClCompile>
    <ClCompile Include="BSBmp.cpp">
      <Filter>Source Files</Filter>
    </ClCompile>
    <ClCompile Include="BSRect.cpp">
      <Filter>Source Files</Filter>
    </ClCompile>
    <ClCompile Include="CombinShape.cpp">
      <Filter>Source Files</Filter>
    </ClCompile>
    <ClCompile Include="CSHorVer.cpp">
      <Filter>Source Files</Filter>
    </ClCompile>
    <ClCompile Include="CSOne.cpp">
      <Filter>Source Files</Filter>
    </ClCompile>
    <ClCompile Include="CSRect.cpp">
      <Filter>Source Files</Filter>
    </ClCompile>
    <ClCompile Include="CSReVHV.cpp">
      <Filter>Source Files</Filter>
    </ClCompile>
    <ClCompile Include="CSTu.cpp">
      <Filter>Source Files</Filter>
    </ClCompile>
    <ClCompile Include="CSTwo.cpp">
      <Filter>Source Files</Filter>
    </ClCompile>
    <ClCompile Include="CSVer.cpp">
      <Filter>Source Files</Filter>
    </ClCompile>
    <ClCompile Include="CSVerHor.cpp">
      <Filter>Source Files</Filter>
    </ClCompile>
    <ClCompile Include="CSVHV.cpp">
      <Filter>Source Files</Filter>
    </ClCompile>
    <ClCompile Include="Game.cpp">
      <Filter>Source Files</Filter>
    </ClCompile>
    <ClCompile Include="Russion.cpp">
      <Filter>Source Files</Filter>
    </ClCompile>
    <ClCompile Include="StdAfx.cpp">
      <Filter>Source Files</Filter>
    </ClCompile>
  </ItemGroup>
  <ItemGroup>
    <ResourceCompile Include="resource.rc">
      <Filter>Source Files</Filter>
    </ResourceCompile>
  </ItemGroup>
  <ItemGroup>
    <ClInclude Include="BaseShape.h">
      <Filter>Header Files</Filter>
    </ClInclude>
    <ClInclude Include="BSBmp.h">
      <Filter>Header Files</Filter>
    </ClInclude>
    <ClInclude Include="BSRect.h">
      <Filter>Header Files</Filter>
    </ClInclude>
    <ClInclude Include="CombinShape.h">
      <Filter>Header Files</Filter>
    </ClInclude>
    <ClInclude Include="CSHorVer.h">
      <Filter>Header Files</Filter>
    </ClInclude>
    <ClInclude Include="CSOne.h">
      <Filter>Header Files</Filter>
    </ClInclude>
    <ClInclude Include="CSRect.h">
      <Filter>Header Files</Filter>
    </ClInclude>
    <ClInclude Include="CSReVHV.h">
      <Filter>Header Files</Filter>
    </ClInclude>
    <ClInclude Include="CSTu.h">
      <Filter>Header Files</Filter>
    </ClInclude>
    <ClInclude Include="CSTwo.h">
      <Filter>Header Files</Filter>
    </ClInclude>
    <ClInclude Include="CSVer.h">
      <Filter>Header Files</Filter>
    </ClInclude>
    <ClInclude Include="CSVerHor.h">
      <Filter>Header Files</Filter>
    </ClInclude>
    <ClInclude Include="CSVHV.h">
      <Filter>Header Files</Filter>
    </ClInclude>
    <ClInclude Include="Game.h">
      <Filter>Header Files</Filter>
    </ClInclude>
    <ClInclude Include="resource.h">
      <Filter>Header Files</Filter>
    </ClInclude>
    <ClInclude Include="Shape.h">
      <Filter>Header Files</Filter>
    </ClInclude>
    <ClInclude Include="StdAfx.h">
      <Filter>Header Files</Filter>
    </ClInclude>
  </ItemGroup>
  <ItemGroup>
    <None Include="bitmap1.bmp">
      <Filter>Resource Files</Filter>
    </None>
    <None Include="clock.bmp">
      <Filter>Resource Files</Filter>
    </None>
    <None Include="idb_.bmp">
      <Filter>Resource Files</Filter>
    </None>
    <None Include="one.bmp">
      <Filter>Resource Files</Filter>
    </None>
    <None Include="ReadMe.txt" />
  </ItemGroup>
</Project>